
Microsoft Visual Studio Solution File, Format Version 12.00
# Visual Studio 14
VisualStudioVersion = 14.0.24720.0
MinimumVisualStudioVersion = 10.0.40219.1
Project("{2150E333-8FDC-42A3-9474-1A3956D46DE8}") = "1 - Presentations", "1 - Presentations", "{019AF8CA-7D2D-474B-862B-2F8DB019CCE6}"
EndProject
Project("{2150E333-8FDC-42A3-9474-1A3956D46DE8}") = "2 - Services", "2 - Services", "{95208BF7-7034-429D-859A-B09378C3EA4B}"
EndProject
Project("{2150E333-8FDC-42A3-9474-1A3956D46DE8}") = "3 - Business Models", "3 - Business Models", "{CAC12212-0BCA-4F8B-9561-9BFEAA62820B}"
EndProject
Project("{2150E333-8FDC-42A3-9474-1A3956D46DE8}") = "4 - Data Sources", "4 - Data Sources", "{1CD4A5BB-B0CD-4ADC-AD3A-11F42F92D9C8}"
EndProject
Project("{2150E333-8FDC-42A3-9474-1A3956D46DE8}") = "Tests", "Tests", "{56BC6CF7-5B04-4C37-8DC1-B1C840039DA2}"
EndProject
Project("{2150E333-8FDC-42A3-9474-1A3956D46DE8}") = "Mobile", "Mobile", "{A89572EB-0DE0-4B8D-86E9-8577B18722CB}"
EndProject
Project("{2150E333-8FDC-42A3-9474-1A3956D46DE8}") = "Web", "Web", "{DB10F41B-8407-471B-8CF2-2378A0E6A2C0}"
EndProject
Project("{2150E333-8FDC-42A3-9474-1A3956D46DE8}") = "Web API", "Web API", "{CF21285F-1DEC-45EC-B0FA-B2D51C7197B2}"
EndProject
Project("{2150E333-8FDC-42A3-9474-1A3956D46DE8}") = "Window", "Window", "{C2191946-3191-4BCB-BF95-6A0944CF81B6}"
EndProject
Project("{FAE04EC0-301F-11D3-BF4B-00C04F79EFBC}") = "Spike.Domains.Tests", "tests\Spike.Domains.Tests\Spike.Domains.Tests.csproj", "{FB2D2C83-D674-48DA-AC9B-913EC55F6A6E}"
EndProject
Project("{FAE04EC0-301F-11D3-BF4B-00C04F79EFBC}") = "DDShop.WebAPI.SystemTests", "tests\DDShop.WebAPI.SystemTests\DDShop.WebAPI.SystemTests.csproj", "{9641D2C3-B8DC-403A-B933-C853858A8860}"
EndProject
Project("{FAE04EC0-301F-11D3-BF4B-00C04F79EFBC}") = "Spike.Mappings", "samples\Spike.Mappings\Spike.Mappings.csproj", "{7B591D16-83B0-4628-8417-FF1849B21BE3}"
EndProject
Project("{FAE04EC0-301F-11D3-BF4B-00C04F79EFBC}") = "Spike.Domains", "samples\Spike.Domains\Spike.Domains.csproj", "{11D2CAB3-F3F0-415D-833F-F2A854956F7B}"
EndProject
Project("{FAE04EC0-301F-11D3-BF4B-00C04F79EFBC}") = "Spike.IShop", "samples\Spike.IShop\Spike.IShop.csproj", "{1C66BAA0-4CEA-4259-8350-06B7634A361E}"
EndProject
Project("{FAE04EC0-301F-11D3-BF4B-00C04F79EFBC}") = "Spike.DDShop", "samples\Spike.DDShop\Spike.DDShop.csproj", "{933EADB1-B8C0-4DB5-88DC-296A3B66C02F}"
EndProject
Project("{FAE04EC0-301F-11D3-BF4B-00C04F79EFBC}") = "DDShop.WebAPI", "samples\DDShop.WebAPI\DDShop.WebAPI.csproj", "{6BF11512-DD20-47BF-BECC-F0AB43AA082D}"
EndProject
Project("{FAE04EC0-301F-11D3-BF4B-00C04F79EFBC}") = "DDShop.Web", "samples\DDShop.Web\DDShop.Web.csproj", "{DD6E3D18-26F5-47A1-9B35-76435D2C5B5E}"
EndProject
Global
	GlobalSection(SolutionConfigurationPlatforms) = preSolution
		Debug|Any CPU = Debug|Any CPU
		Release|Any CPU = Release|Any CPU
	EndGlobalSection
	GlobalSection(ProjectConfigurationPlatforms) = postSolution
		{FB2D2C83-D674-48DA-AC9B-913EC55F6A6E}.Debug|Any CPU.ActiveCfg = Debug|Any CPU
		{FB2D2C83-D674-48DA-AC9B-913EC55F6A6E}.Debug|Any CPU.Build.0 = Debug|Any CPU
		{FB2D2C83-D674-48DA-AC9B-913EC55F6A6E}.Release|Any CPU.ActiveCfg = Release|Any CPU
		{FB2D2C83-D674-48DA-AC9B-913EC55F6A6E}.Release|Any CPU.Build.0 = Release|Any CPU
		{9641D2C3-B8DC-403A-B933-C853858A8860}.Debug|Any CPU.ActiveCfg = Debug|Any CPU
		{9641D2C3-B8DC-403A-B933-C853858A8860}.Debug|Any CPU.Build.0 = Debug|Any CPU
		{9641D2C3-B8DC-403A-B933-C853858A8860}.Release|Any CPU.ActiveCfg = Release|Any CPU
		{9641D2C3-B8DC-403A-B933-C853858A8860}.Release|Any CPU.Build.0 = Release|Any CPU
		{7B591D16-83B0-4628-8417-FF1849B21BE3}.Debug|Any CPU.ActiveCfg = Debug|Any CPU
		{7B591D16-83B0-4628-8417-FF1849B21BE3}.Debug|Any CPU.Build.0 = Debug|Any CPU
		{7B591D16-83B0-4628-8417-FF1849B21BE3}.Release|Any CPU.ActiveCfg = Release|Any CPU
		{7B591D16-83B0-4628-8417-FF1849B21BE3}.Release|Any CPU.Build.0 = Release|Any CPU
		{11D2CAB3-F3F0-415D-833F-F2A854956F7B}.Debug|Any CPU.ActiveCfg = Debug|Any CPU
		{11D2CAB3-F3F0-415D-833F-F2A854956F7B}.Debug|Any CPU.Build.0 = Debug|Any CPU
		{11D2CAB3-F3F0-415D-833F-F2A854956F7B}.Release|Any CPU.ActiveCfg = Release|Any CPU
		{11D2CAB3-F3F0-415D-833F-F2A854956F7B}.Release|Any CPU.Build.0 = Release|Any CPU
		{1C66BAA0-4CEA-4259-8350-06B7634A361E}.Debug|Any CPU.ActiveCfg = Debug|Any CPU
		{1C66BAA0-4CEA-4259-8350-06B7634A361E}.Debug|Any CPU.Build.0 = Debug|Any CPU
		{1C66BAA0-4CEA-4259-8350-06B7634A361E}.Release|Any CPU.ActiveCfg = Release|Any CPU
		{1C66BAA0-4CEA-4259-8350-06B7634A361E}.Release|Any CPU.Build.0 = Release|Any CPU
		{933EADB1-B8C0-4DB5-88DC-296A3B66C02F}.Debug|Any CPU.ActiveCfg = Debug|Any CPU
		{933EADB1-B8C0-4DB5-88DC-296A3B66C02F}.Debug|Any CPU.Build.0 = Debug|Any CPU
		{933EADB1-B8C0-4DB5-88DC-296A3B66C02F}.Release|Any CPU.ActiveCfg = Release|Any CPU
		{933EADB1-B8C0-4DB5-88DC-296A3B66C02F}.Release|Any CPU.Build.0 = Release|Any CPU
		{6BF11512-DD20-47BF-BECC-F0AB43AA082D}.Debug|Any CPU.ActiveCfg = Debug|Any CPU
		{6BF11512-DD20-47BF-BECC-F0AB43AA082D}.Debug|Any CPU.Build.0 = Debug|Any CPU
		{6BF11512-DD20-47BF-BECC-F0AB43AA082D}.Release|Any CPU.ActiveCfg = Release|Any CPU
		{6BF11512-DD20-47BF-BECC-F0AB43AA082D}.Release|Any CPU.Build.0 = Release|Any CPU
		{DD6E3D18-26F5-47A1-9B35-76435D2C5B5E}.Debug|Any CPU.ActiveCfg = Debug|Any CPU
		{DD6E3D18-26F5-47A1-9B35-76435D2C5B5E}.Debug|Any CPU.Build.0 = Debug|Any CPU
		{DD6E3D18-26F5-47A1-9B35-76435D2C5B5E}.Release|Any CPU.ActiveCfg = Release|Any CPU
		{DD6E3D18-26F5-47A1-9B35-76435D2C5B5E}.Release|Any CPU.Build.0 = Release|Any CPU
	EndGlobalSection
	GlobalSection(SolutionProperties) = preSolution
		HideSolutionNode = FALSE
	EndGlobalSection
	GlobalSection(NestedProjects) = preSolution
		{A89572EB-0DE0-4B8D-86E9-8577B18722CB} = {019AF8CA-7D2D-474B-862B-2F8DB019CCE6}
		{DB10F41B-8407-471B-8CF2-2378A0E6A2C0} = {019AF8CA-7D2D-474B-862B-2F8DB019CCE6}
		{CF21285F-1DEC-45EC-B0FA-B2D51C7197B2} = {019AF8CA-7D2D-474B-862B-2F8DB019CCE6}
		{C2191946-3191-4BCB-BF95-6A0944CF81B6} = {019AF8CA-7D2D-474B-862B-2F8DB019CCE6}
		{FB2D2C83-D674-48DA-AC9B-913EC55F6A6E} = {56BC6CF7-5B04-4C37-8DC1-B1C840039DA2}
		{9641D2C3-B8DC-403A-B933-C853858A8860} = {56BC6CF7-5B04-4C37-8DC1-B1C840039DA2}
		{7B591D16-83B0-4628-8417-FF1849B21BE3} = {1CD4A5BB-B0CD-4ADC-AD3A-11F42F92D9C8}
		{11D2CAB3-F3F0-415D-833F-F2A854956F7B} = {CAC12212-0BCA-4F8B-9561-9BFEAA62820B}
		{1C66BAA0-4CEA-4259-8350-06B7634A361E} = {95208BF7-7034-429D-859A-B09378C3EA4B}
		{933EADB1-B8C0-4DB5-88DC-296A3B66C02F} = {95208BF7-7034-429D-859A-B09378C3EA4B}
		{6BF11512-DD20-47BF-BECC-F0AB43AA082D} = {CF21285F-1DEC-45EC-B0FA-B2D51C7197B2}
		{DD6E3D18-26F5-47A1-9B35-76435D2C5B5E} = {DB10F41B-8407-471B-8CF2-2378A0E6A2C0}
	EndGlobalSection
EndGlobal
